
Microsoft Visual Studio Solution File, Format Version 12.00
# Visual Studio Version 17
VisualStudioVersion = 17.11.35222.181
MinimumVisualStudioVersion = 10.0.40219.1
Project("{9A19103F-16F7-4668-BE54-9A1E7A4F7556}") = "PaparaBootcamp.Week1", "PaparaBootcamp.Week1\PaparaBootcamp.Week1.csproj", "{8C168EAD-6C33-4B2D-A355-6A6E9A5D173B}"
EndProject
Project("{9A19103F-16F7-4668-BE54-9A1E7A4F7556}") = "PaparaBootcamp.Week2", "PaparaBootcamp.Week2\PaparaBootcamp.Week2.csproj", "{D9B93DCB-4F66-459E-9694-2F05310817B3}"
EndProject
Project("{FAE04EC0-301F-11D3-BF4B-00C04F79EFBC}") = "PaparaBootcamp.Week3.1", "PaparaBootcamp.Week3.1\PaparaBootcamp.Week3.1.csproj", "{2E9D0335-FD74-468D-81A3-9636A1FC382C}"
EndProject
Project("{FAE04EC0-301F-11D3-BF4B-00C04F79EFBC}") = "PaparaBootcamp.Week3.2", "PaparaBootcamp.Week3.2\PaparaBootcamp.Week3.2.csproj", "{1501F8F8-1708-4DD6-882C-BEBC59A6493D}"
EndProject
Global
	GlobalSection(SolutionConfigurationPlatforms) = preSolution
		Debug|Any CPU = Debug|Any CPU
		Release|Any CPU = Release|Any CPU
	EndGlobalSection
	GlobalSection(ProjectConfigurationPlatforms) = postSolution
		{8C168EAD-6C33-4B2D-A355-6A6E9A5D173B}.Debug|Any CPU.ActiveCfg = Debug|Any CPU
		{8C168EAD-6C33-4B2D-A355-6A6E9A5D173B}.Debug|Any CPU.Build.0 = Debug|Any CPU
		{8C168EAD-6C33-4B2D-A355-6A6E9A5D173B}.Release|Any CPU.ActiveCfg = Release|Any CPU
		{8C168EAD-6C33-4B2D-A355-6A6E9A5D173B}.Release|Any CPU.Build.0 = Release|Any CPU
		{D9B93DCB-4F66-459E-9694-2F05310817B3}.Debug|Any CPU.ActiveCfg = Debug|Any CPU
		{D9B93DCB-4F66-459E-9694-2F05310817B3}.Debug|Any CPU.Build.0 = Debug|Any CPU
		{D9B93DCB-4F66-459E-9694-2F05310817B3}.Release|Any CPU.ActiveCfg = Release|Any CPU
		{D9B93DCB-4F66-459E-9694-2F05310817B3}.Release|Any CPU.Build.0 = Release|Any CPU
		{2E9D0335-FD74-468D-81A3-9636A1FC382C}.Debug|Any CPU.ActiveCfg = Debug|Any CPU
		{2E9D0335-FD74-468D-81A3-9636A1FC382C}.Debug|Any CPU.Build.0 = Debug|Any CPU
		{2E9D0335-FD74-468D-81A3-9636A1FC382C}.Release|Any CPU.ActiveCfg = Release|Any CPU
		{2E9D0335-FD74-468D-81A3-9636A1FC382C}.Release|Any CPU.Build.0 = Release|Any CPU
		{1501F8F8-1708-4DD6-882C-BEBC59A6493D}.Debug|Any CPU.ActiveCfg = Debug|Any CPU
		{1501F8F8-1708-4DD6-882C-BEBC59A6493D}.Debug|Any CPU.Build.0 = Debug|Any CPU
		{1501F8F8-1708-4DD6-882C-BEBC59A6493D}.Release|Any CPU.ActiveCfg = Release|Any CPU
		{1501F8F8-1708-4DD6-882C-BEBC59A6493D}.Release|Any CPU.Build.0 = Release|Any CPU
	EndGlobalSection
	GlobalSection(SolutionProperties) = preSolution
		HideSolutionNode = FALSE
	EndGlobalSection
	GlobalSection(ExtensibilityGlobals) = postSolution
		SolutionGuid = {E74756AA-A1B0-496A-AF5C-D0B6AF97650F}
	EndGlobalSection
EndGlobal
